
Microsoft Visual Studio Solution File, Format Version 12.00
# Visual Studio Version 17
VisualStudioVersion = 17.0.31903.59
MinimumVisualStudioVersion = 10.0.40219.1
Project("{FAE04EC0-301F-11D3-BF4B-00C04F79EFBC}") = "App", "App\App.csproj", "{60691DBC-707E-4682-B716-08724027D895}"
EndProject
Project("{FAE04EC0-301F-11D3-BF4B-00C04F79EFBC}") = "Domain", "Domain\Domain.csproj", "{F8933112-FE97-4BA1-8771-5587D9536A79}"
EndProject
Project("{FAE04EC0-301F-11D3-BF4B-00C04F79EFBC}") = "Implementation", "Implementation\Implementation.csproj", "{3DBAE457-7B87-4EE3-B252-D814EC976A14}"
EndProject
Project("{FAE04EC0-301F-11D3-BF4B-00C04F79EFBC}") = "Interface", "Interface\Interface.csproj", "{3CD46F28-3279-41C5-9FD7-28B0462E8C57}"
EndProject
Project("{2150E333-8FDC-42A3-9474-1A3956D46DE8}") = "Test", "Test", "{DE9BD342-1F85-4701-8E68-EE3962E9BC61}"
EndProject
Project("{FAE04EC0-301F-11D3-BF4B-00C04F79EFBC}") = "UnitTest", "UnitTest\UnitTest.csproj", "{003B3CC9-32FF-4914-B5F3-78CA1DF88AC4}"
EndProject
Project("{FAE04EC0-301F-11D3-BF4B-00C04F79EFBC}") = "Frontend", "Frontend\Frontend.csproj", "{46FA0412-3654-49FA-A9A1-AD1991E8C264}"
EndProject
Global
	GlobalSection(SolutionConfigurationPlatforms) = preSolution
		Debug|Any CPU = Debug|Any CPU
		Release|Any CPU = Release|Any CPU
	EndGlobalSection
	GlobalSection(ProjectConfigurationPlatforms) = postSolution
		{60691DBC-707E-4682-B716-08724027D895}.Debug|Any CPU.ActiveCfg = Debug|Any CPU
		{60691DBC-707E-4682-B716-08724027D895}.Debug|Any CPU.Build.0 = Debug|Any CPU
		{60691DBC-707E-4682-B716-08724027D895}.Release|Any CPU.ActiveCfg = Release|Any CPU
		{60691DBC-707E-4682-B716-08724027D895}.Release|Any CPU.Build.0 = Release|Any CPU
		{F8933112-FE97-4BA1-8771-5587D9536A79}.Debug|Any CPU.ActiveCfg = Debug|Any CPU
		{F8933112-FE97-4BA1-8771-5587D9536A79}.Debug|Any CPU.Build.0 = Debug|Any CPU
		{F8933112-FE97-4BA1-8771-5587D9536A79}.Release|Any CPU.ActiveCfg = Release|Any CPU
		{F8933112-FE97-4BA1-8771-5587D9536A79}.Release|Any CPU.Build.0 = Release|Any CPU
		{3DBAE457-7B87-4EE3-B252-D814EC976A14}.Debug|Any CPU.ActiveCfg = Debug|Any CPU
		{3DBAE457-7B87-4EE3-B252-D814EC976A14}.Debug|Any CPU.Build.0 = Debug|Any CPU
		{3DBAE457-7B87-4EE3-B252-D814EC976A14}.Release|Any CPU.ActiveCfg = Release|Any CPU
		{3DBAE457-7B87-4EE3-B252-D814EC976A14}.Release|Any CPU.Build.0 = Release|Any CPU
		{3CD46F28-3279-41C5-9FD7-28B0462E8C57}.Debug|Any CPU.ActiveCfg = Debug|Any CPU
		{3CD46F28-3279-41C5-9FD7-28B0462E8C57}.Debug|Any CPU.Build.0 = Debug|Any CPU
		{3CD46F28-3279-41C5-9FD7-28B0462E8C57}.Release|Any CPU.ActiveCfg = Release|Any CPU
		{3CD46F28-3279-41C5-9FD7-28B0462E8C57}.Release|Any CPU.Build.0 = Release|Any CPU
		{003B3CC9-32FF-4914-B5F3-78CA1DF88AC4}.Debug|Any CPU.ActiveCfg = Debug|Any CPU
		{003B3CC9-32FF-4914-B5F3-78CA1DF88AC4}.Debug|Any CPU.Build.0 = Debug|Any CPU
		{003B3CC9-32FF-4914-B5F3-78CA1DF88AC4}.Release|Any CPU.ActiveCfg = Release|Any CPU
		{003B3CC9-32FF-4914-B5F3-78CA1DF88AC4}.Release|Any CPU.Build.0 = Release|Any CPU
		{46FA0412-3654-49FA-A9A1-AD1991E8C264}.Debug|Any CPU.ActiveCfg = Debug|Any CPU
		{46FA0412-3654-49FA-A9A1-AD1991E8C264}.Debug|Any CPU.Build.0 = Debug|Any CPU
		{46FA0412-3654-49FA-A9A1-AD1991E8C264}.Release|Any CPU.ActiveCfg = Release|Any CPU
		{46FA0412-3654-49FA-A9A1-AD1991E8C264}.Release|Any CPU.Build.0 = Release|Any CPU
	EndGlobalSection
	GlobalSection(SolutionProperties) = preSolution
		HideSolutionNode = FALSE
	EndGlobalSection
	GlobalSection(NestedProjects) = preSolution
		{003B3CC9-32FF-4914-B5F3-78CA1DF88AC4} = {DE9BD342-1F85-4701-8E68-EE3962E9BC61}
	EndGlobalSection
EndGlobal
